// !$*UTF8*$!
{
	archiveVersion = 1;
	classes = {
	};
	objectVersion = 56;
	objects = {

/* Begin PBXBuildFile section */
		F83F2F432C5B133F00E89347 /* BookwormApp.swift in Sources */ = {isa = PBXBuildFile; fileRef = F83F2F422C5B133F00E89347 /* BookwormApp.swift */; };
		F83F2F452C5B133F00E89347 /* BindingContentView.swift in Sources */ = {isa = PBXBuildFile; fileRef = F83F2F442C5B133F00E89347 /* BindingContentView.swift */; };
		F83F2F472C5B134000E89347 /* Assets.xcassets in Resources */ = {isa = PBXBuildFile; fileRef = F83F2F462C5B134000E89347 /* Assets.xcassets */; };
		F83F2F4A2C5B134000E89347 /* Preview Assets.xcassets in Resources */ = {isa = PBXBuildFile; fileRef = F83F2F492C5B134000E89347 /* Preview Assets.xcassets */; };
		F83F2F542C5B189B00E89347 /* PushButton.swift in Sources */ = {isa = PBXBuildFile; fileRef = F83F2F532C5B189B00E89347 /* PushButton.swift */; };
		F83F2F562C5B1A9200E89347 /* TextEditorContentView.swift in Sources */ = {isa = PBXBuildFile; fileRef = F83F2F552C5B1A9200E89347 /* TextEditorContentView.swift */; };
		F83F2F582C5B1B3C00E89347 /* TextFieldWithAxisContainerView.swift in Sources */ = {isa = PBXBuildFile; fileRef = F83F2F572C5B1B3C00E89347 /* TextFieldWithAxisContainerView.swift */; };
		F83F2F5A2C5B1E1200E89347 /* Student.swift in Sources */ = {isa = PBXBuildFile; fileRef = F83F2F592C5B1E1200E89347 /* Student.swift */; };
		F83F2F5C2C5B1EAC00E89347 /* SwiftDataContentView.swift in Sources */ = {isa = PBXBuildFile; fileRef = F83F2F5B2C5B1EAC00E89347 /* SwiftDataContentView.swift */; };
		F83F2F602C5B244500E89347 /* ContentView.swift in Sources */ = {isa = PBXBuildFile; fileRef = F83F2F5F2C5B244500E89347 /* ContentView.swift */; };
		F83F2F622C5B250D00E89347 /* Book.swift in Sources */ = {isa = PBXBuildFile; fileRef = F83F2F612C5B250D00E89347 /* Book.swift */; };
		F83F2F642C5B259500E89347 /* AddBookView.swift in Sources */ = {isa = PBXBuildFile; fileRef = F83F2F632C5B259500E89347 /* AddBookView.swift */; };
		F83F2F662C5B2A0500E89347 /* RatingView.swift in Sources */ = {isa = PBXBuildFile; fileRef = F83F2F652C5B2A0500E89347 /* RatingView.swift */; };
		F83F2F682C5B2C0800E89347 /* EmojiRatingView.swift in Sources */ = {isa = PBXBuildFile; fileRef = F83F2F672C5B2C0800E89347 /* EmojiRatingView.swift */; };
		F83F2F6A2C5B2F4D00E89347 /* DetailView.swift in Sources */ = {isa = PBXBuildFile; fileRef = F83F2F692C5B2F4D00E89347 /* DetailView.swift */; };
		F83F2F6D2C5B3A4B00E89347 /* String+Extensions.swift in Sources */ = {isa = PBXBuildFile; fileRef = F83F2F6C2C5B3A4B00E89347 /* String+Extensions.swift */; };
/* End PBXBuildFile section */

/* Begin PBXFileReference section */
		F83F2F3F2C5B133F00E89347 /* Bookworm.app */ = {isa = PBXFileReference; explicitFileType = wrapper.application; includeInIndex = 0; path = Bookworm.app; sourceTree = BUILT_PRODUCTS_DIR; };
		F83F2F422C5B133F00E89347 /* BookwormApp.swift */ = {isa = PBXFileReference; lastKnownFileType = sourcecode.swift; path = BookwormApp.swift; sourceTree = "<group>"; };
		F83F2F442C5B133F00E89347 /* BindingContentView.swift */ = {isa = PBXFileReference; lastKnownFileType = sourcecode.swift; path = BindingContentView.swift; sourceTree = "<group>"; };
		F83F2F462C5B134000E89347 /* Assets.xcassets */ = {isa = PBXFileReference; lastKnownFileType = folder.assetcatalog; path = Assets.xcassets; sourceTree = "<group>"; };
		F83F2F492C5B134000E89347 /* Preview Assets.xcassets */ = {isa = PBXFileReference; lastKnownFileType = folder.assetcatalog; path = "Preview Assets.xcassets"; sourceTree = "<group>"; };
		F83F2F532C5B189B00E89347 /* PushButton.swift */ = {isa = PBXFileReference; lastKnownFileType = sourcecode.swift; path = PushButton.swift; sourceTree = "<group>"; };
		F83F2F552C5B1A9200E89347 /* TextEditorContentView.swift */ = {isa = PBXFileReference; lastKnownFileType = sourcecode.swift; path = TextEditorContentView.swift; sourceTree = "<group>"; };
		F83F2F572C5B1B3C00E89347 /* TextFieldWithAxisContainerView.swift */ = {isa = PBXFileReference; lastKnownFileType = sourcecode.swift; path = TextFieldWithAxisContainerView.swift; sourceTree = "<group>"; };
		F83F2F592C5B1E1200E89347 /* Student.swift */ = {isa = PBXFileReference; lastKnownFileType = sourcecode.swift; path = Student.swift; sourceTree = "<group>"; };
		F83F2F5B2C5B1EAC00E89347 /* SwiftDataContentView.swift */ = {isa = PBXFileReference; lastKnownFileType = sourcecode.swift; path = SwiftDataContentView.swift; sourceTree = "<group>"; };
		F83F2F5F2C5B244500E89347 /* ContentView.swift */ = {isa = PBXFileReference; lastKnownFileType = sourcecode.swift; path = ContentView.swift; sourceTree = "<group>"; };
		F83F2F612C5B250D00E89347 /* Book.swift */ = {isa = PBXFileReference; lastKnownFileType = sourcecode.swift; path = Book.swift; sourceTree = "<group>"; };
		F83F2F632C5B259500E89347 /* AddBookView.swift */ = {isa = PBXFileReference; lastKnownFileType = sourcecode.swift; path = AddBookView.swift; sourceTree = "<group>"; };
		F83F2F652C5B2A0500E89347 /* RatingView.swift */ = {isa = PBXFileReference; lastKnownFileType = sourcecode.swift; path = RatingView.swift; sourceTree = "<group>"; };
		F83F2F672C5B2C0800E89347 /* EmojiRatingView.swift */ = {isa = PBXFileReference; lastKnownFileType = sourcecode.swift; path = EmojiRatingView.swift; sourceTree = "<group>"; };
		F83F2F692C5B2F4D00E89347 /* DetailView.swift */ = {isa = PBXFileReference; lastKnownFileType = sourcecode.swift; path = DetailView.swift; sourceTree = "<group>"; };
		F83F2F6C2C5B3A4B00E89347 /* String+Extensions.swift */ = {isa = PBXFileReference; lastKnownFileType = sourcecode.swift; path = "String+Extensions.swift"; sourceTree = "<group>"; };
/* End PBXFileReference section */

/* Begin PBXFrameworksBuildPhase section */
		F83F2F3C2C5B133F00E89347 /* Frameworks */ = {
			isa = PBXFrameworksBuildPhase;
			buildActionMask = 2147483647;
			files = (
			);
			runOnlyForDeploymentPostprocessing = 0;
		};
/* End PBXFrameworksBuildPhase section */

/* Begin PBXGroup section */
		F83F2F362C5B133F00E89347 = {
			isa = PBXGroup;
			children = (
				F83F2F412C5B133F00E89347 /* Bookworm */,
				F83F2F402C5B133F00E89347 /* Products */,
			);
			sourceTree = "<group>";
		};
		F83F2F402C5B133F00E89347 /* Products */ = {
			isa = PBXGroup;
			children = (
				F83F2F3F2C5B133F00E89347 /* Bookworm.app */,
			);
			name = Products;
			sourceTree = "<group>";
		};
		F83F2F412C5B133F00E89347 /* Bookworm */ = {
			isa = PBXGroup;
			children = (
				F83F2F6B2C5B3A4000E89347 /* Extensions */,
				F83F2F522C5B188800E89347 /* Models */,
				F83F2F512C5B188700E89347 /* Views */,
				F83F2F502C5B188400E89347 /* ViewModels */,
				F83F2F422C5B133F00E89347 /* BookwormApp.swift */,
				F83F2F462C5B134000E89347 /* Assets.xcassets */,
				F83F2F482C5B134000E89347 /* Preview Content */,
			);
			path = Bookworm;
			sourceTree = "<group>";
		};
		F83F2F482C5B134000E89347 /* Preview Content */ = {
			isa = PBXGroup;
			children = (
				F83F2F492C5B134000E89347 /* Preview Assets.xcassets */,
			);
			path = "Preview Content";
			sourceTree = "<group>";
		};
		F83F2F502C5B188400E89347 /* ViewModels */ = {
			isa = PBXGroup;
			children = (
			);
			path = ViewModels;
			sourceTree = "<group>";
		};
		F83F2F512C5B188700E89347 /* Views */ = {
			isa = PBXGroup;
			children = (
				F83F2F5E2C5B241A00E89347 /* Playground */,
				F83F2F5F2C5B244500E89347 /* ContentView.swift */,
				F83F2F692C5B2F4D00E89347 /* DetailView.swift */,
				F83F2F672C5B2C0800E89347 /* EmojiRatingView.swift */,
				F83F2F652C5B2A0500E89347 /* RatingView.swift */,
				F83F2F632C5B259500E89347 /* AddBookView.swift */,
			);
			path = Views;
			sourceTree = "<group>";
		};
		F83F2F522C5B188800E89347 /* Models */ = {
			isa = PBXGroup;
			children = (
				F83F2F5D2C5B22F600E89347 /* Playground */,
				F83F2F612C5B250D00E89347 /* Book.swift */,
			);
			path = Models;
			sourceTree = "<group>";
		};
		F83F2F5D2C5B22F600E89347 /* Playground */ = {
			isa = PBXGroup;
			children = (
				F83F2F592C5B1E1200E89347 /* Student.swift */,
			);
			path = Playground;
			sourceTree = "<group>";
		};
		F83F2F5E2C5B241A00E89347 /* Playground */ = {
			isa = PBXGroup;
			children = (
				F83F2F532C5B189B00E89347 /* PushButton.swift */,
				F83F2F442C5B133F00E89347 /* BindingContentView.swift */,
				F83F2F552C5B1A9200E89347 /* TextEditorContentView.swift */,
				F83F2F572C5B1B3C00E89347 /* TextFieldWithAxisContainerView.swift */,
				F83F2F5B2C5B1EAC00E89347 /* SwiftDataContentView.swift */,
			);
			path = Playground;
			sourceTree = "<group>";
		};
		F83F2F6B2C5B3A4000E89347 /* Extensions */ = {
			isa = PBXGroup;
			children = (
				F83F2F6C2C5B3A4B00E89347 /* String+Extensions.swift */,
			);
			path = Extensions;
			sourceTree = "<group>";
		};
/* End PBXGroup section */

/* Begin PBXNativeTarget section */
		F83F2F3E2C5B133F00E89347 /* Bookworm */ = {
			isa = PBXNativeTarget;
			buildConfigurationList = F83F2F4D2C5B134000E89347 /* Build configuration list for PBXNativeTarget "Bookworm" */;
			buildPhases = (
				F83F2F3B2C5B133F00E89347 /* Sources */,
				F83F2F3C2C5B133F00E89347 /* Frameworks */,
				F83F2F3D2C5B133F00E89347 /* Resources */,
			);
			buildRules = (
			);
			dependencies = (
			);
			name = Bookworm;
			productName = Bookworm;
			productReference = F83F2F3F2C5B133F00E89347 /* Bookworm.app */;
			productType = "com.apple.product-type.application";
		};
/* End PBXNativeTarget section */

/* Begin PBXProject section */
		F83F2F372C5B133F00E89347 /* Project object */ = {
			isa = PBXProject;
			attributes = {
				BuildIndependentTargetsInParallel = 1;
				LastSwiftUpdateCheck = 1520;
				LastUpgradeCheck = 1520;
				TargetAttributes = {
					F83F2F3E2C5B133F00E89347 = {
						CreatedOnToolsVersion = 15.2;
					};
				};
			};
			buildConfigurationList = F83F2F3A2C5B133F00E89347 /* Build configuration list for PBXProject "Bookworm" */;
			compatibilityVersion = "Xcode 14.0";
			developmentRegion = en;
			hasScannedForEncodings = 0;
			knownRegions = (
				en,
				Base,
			);
			mainGroup = F83F2F362C5B133F00E89347;
			productRefGroup = F83F2F402C5B133F00E89347 /* Products */;
			projectDirPath = "";
			projectRoot = "";
			targets = (
				F83F2F3E2C5B133F00E89347 /* Bookworm */,
			);
		};
/* End PBXProject section */

/* Begin PBXResourcesBuildPhase section */
		F83F2F3D2C5B133F00E89347 /* Resources */ = {
			isa = PBXResourcesBuildPhase;
			buildActionMask = 2147483647;
			files = (
				F83F2F4A2C5B134000E89347 /* Preview Assets.xcassets in Resources */,
				F83F2F472C5B134000E89347 /* Assets.xcassets in Resources */,
			);
			runOnlyForDeploymentPostprocessing = 0;
		};
/* End PBXResourcesBuildPhase section */

/* Begin PBXSourcesBuildPhase section */
		F83F2F3B2C5B133F00E89347 /* Sources */ = {
			isa = PBXSourcesBuildPhase;
			buildActionMask = 2147483647;
			files = (
				F83F2F662C5B2A0500E89347 /* RatingView.swift in Sources */,
				F83F2F562C5B1A9200E89347 /* TextEditorContentView.swift in Sources */,
				F83F2F5A2C5B1E1200E89347 /* Student.swift in Sources */,
				F83F2F602C5B244500E89347 /* ContentView.swift in Sources */,
				F83F2F682C5B2C0800E89347 /* EmojiRatingView.swift in Sources */,
				F83F2F5C2C5B1EAC00E89347 /* SwiftDataContentView.swift in Sources */,
				F83F2F452C5B133F00E89347 /* BindingContentView.swift in Sources */,
				F83F2F6A2C5B2F4D00E89347 /* DetailView.swift in Sources */,
				F83F2F6D2C5B3A4B00E89347 /* String+Extensions.swift in Sources */,
				F83F2F622C5B250D00E89347 /* Book.swift in Sources */,
				F83F2F432C5B133F00E89347 /* BookwormApp.swift in Sources */,
				F83F2F542C5B189B00E89347 /* PushButton.swift in Sources */,
				F83F2F582C5B1B3C00E89347 /* TextFieldWithAxisContainerView.swift in Sources */,
				F83F2F642C5B259500E89347 /* AddBookView.swift in Sources */,
			);
			runOnlyForDeploymentPostprocessing = 0;
		};
/* End PBXSourcesBuildPhase section */

/* Begin XCBuildConfiguration section */
		F83F2F4B2C5B134000E89347 /* Debug */ = {
			isa = XCBuildConfiguration;
			buildSettings = {
				ALWAYS_SEARCH_USER_PATHS = NO;
				ASSETCATALOG_COMPILER_GENERATE_SWIFT_ASSET_SYMBOL_EXTENSIONS = YES;
				CLANG_ANALYZER_NONNULL = YES;
				CLANG_ANALYZER_NUMBER_OBJECT_CONVERSION = YES_AGGRESSIVE;
				CLANG_CXX_LANGUAGE_STANDARD = "gnu++20";
				CLANG_ENABLE_MODULES = YES;
				CLANG_ENABLE_OBJC_ARC = YES;
				CLANG_ENABLE_OBJC_WEAK = YES;
				CLANG_WARN_BLOCK_CAPTURE_AUTORELEASING = YES;
				CLANG_WARN_BOOL_CONVERSION = YES;
				CLANG_WARN_COMMA = YES;
				CLANG_WARN_CONSTANT_CONVERSION = YES;
				CLANG_WARN_DEPRECATED_OBJC_IMPLEMENTATIONS = YES;
				CLANG_WARN_DIRECT_OBJC_ISA_USAGE = YES_ERROR;
				CLANG_WARN_DOCUMENTATION_COMMENTS = YES;
				CLANG_WARN_EMPTY_BODY = YES;
				CLANG_WARN_ENUM_CONVERSION = YES;
				CLANG_WARN_INFINITE_RECURSION = YES;
				CLANG_WARN_INT_CONVERSION = YES;
				CLANG_WARN_NON_LITERAL_NULL_CONVERSION = YES;
				CLANG_WARN_OBJC_IMPLICIT_RETAIN_SELF = YES;
				CLANG_WARN_OBJC_LITERAL_CONVERSION = YES;
				CLANG_WARN_OBJC_ROOT_CLASS = YES_ERROR;
				CLANG_WARN_QUOTED_INCLUDE_IN_FRAMEWORK_HEADER = YES;
				CLANG_WARN_RANGE_LOOP_ANALYSIS = YES;
				CLANG_WARN_STRICT_PROTOTYPES = YES;
				CLANG_WARN_SUSPICIOUS_MOVE = YES;
				CLANG_WARN_UNGUARDED_AVAILABILITY = YES_AGGRESSIVE;
				CLANG_WARN_UNREACHABLE_CODE = YES;
				CLANG_WARN__DUPLICATE_METHOD_MATCH = YES;
				COPY_PHASE_STRIP = NO;
				DEBUG_INFORMATION_FORMAT = dwarf;
				ENABLE_STRICT_OBJC_MSGSEND = YES;
				ENABLE_TESTABILITY = YES;
				ENABLE_USER_SCRIPT_SANDBOXING = YES;
				GCC_C_LANGUAGE_STANDARD = gnu17;
				GCC_DYNAMIC_NO_PIC = NO;
				GCC_NO_COMMON_BLOCKS = YES;
				GCC_OPTIMIZATION_LEVEL = 0;
				GCC_PREPROCESSOR_DEFINITIONS = (
					"DEBUG=1",
					"$(inherited)",
				);
				GCC_WARN_64_TO_32_BIT_CONVERSION = YES;
				GCC_WARN_ABOUT_RETURN_TYPE = YES_ERROR;
				GCC_WARN_UNDECLARED_SELECTOR = YES;
				GCC_WARN_UNINITIALIZED_AUTOS = YES_AGGRESSIVE;
				GCC_WARN_UNUSED_FUNCTION = YES;
				GCC_WARN_UNUSED_VARIABLE = YES;
				IPHONEOS_DEPLOYMENT_TARGET = 17.2;
				LOCALIZATION_PREFERS_STRING_CATALOGS = YES;
				MTL_ENABLE_DEBUG_INFO = INCLUDE_SOURCE;
				MTL_FAST_MATH = YES;
				ONLY_ACTIVE_ARCH = YES;
				SDKROOT = iphoneos;
				SWIFT_ACTIVE_COMPILATION_CONDITIONS = "DEBUG $(inherited)";
				SWIFT_OPTIMIZATION_LEVEL = "-Onone";
			};
			name = Debug;
		};
		F83F2F4C2C5B134000E89347 /* Release */ = {
			isa = XCBuildConfiguration;
			buildSettings = {
				ALWAYS_SEARCH_USER_PATHS = NO;
				ASSETCATALOG_COMPILER_GENERATE_SWIFT_ASSET_SYMBOL_EXTENSIONS = YES;
				CLANG_ANALYZER_NONNULL = YES;
				CLANG_ANALYZER_NUMBER_OBJECT_CONVERSION = YES_AGGRESSIVE;
				CLANG_CXX_LANGUAGE_STANDARD = "gnu++20";
				CLANG_ENABLE_MODULES = YES;
				CLANG_ENABLE_OBJC_ARC = YES;
				CLANG_ENABLE_OBJC_WEAK = YES;
				CLANG_WARN_BLOCK_CAPTURE_AUTORELEASING = YES;
				CLANG_WARN_BOOL_CONVERSION = YES;
				CLANG_WARN_COMMA = YES;
				CLANG_WARN_CONSTANT_CONVERSION = YES;
				CLANG_WARN_DEPRECATED_OBJC_IMPLEMENTATIONS = YES;
				CLANG_WARN_DIRECT_OBJC_ISA_USAGE = YES_ERROR;
				CLANG_WARN_DOCUMENTATION_COMMENTS = YES;
				CLANG_WARN_EMPTY_BODY = YES;
				CLANG_WARN_ENUM_CONVERSION = YES;
				CLANG_WARN_INFINITE_RECURSION = YES;
				CLANG_WARN_INT_CONVERSION = YES;
				CLANG_WARN_NON_LITERAL_NULL_CONVERSION = YES;
				CLANG_WARN_OBJC_IMPLICIT_RETAIN_SELF = YES;
				CLANG_WARN_OBJC_LITERAL_CONVERSION = YES;
				CLANG_WARN_OBJC_ROOT_CLASS = YES_ERROR;
				CLANG_WARN_QUOTED_INCLUDE_IN_FRAMEWORK_HEADER = YES;
				CLANG_WARN_RANGE_LOOP_ANALYSIS = YES;
				CLANG_WARN_STRICT_PROTOTYPES = YES;
				CLANG_WARN_SUSPICIOUS_MOVE = YES;
				CLANG_WARN_UNGUARDED_AVAILABILITY = YES_AGGRESSIVE;
				CLANG_WARN_UNREACHABLE_CODE = YES;
				CLANG_WARN__DUPLICATE_METHOD_MATCH = YES;
				COPY_PHASE_STRIP = NO;
				DEBUG_INFORMATION_FORMAT = "dwarf-with-dsym";
				ENABLE_NS_ASSERTIONS = NO;
				ENABLE_STRICT_OBJC_MSGSEND = YES;
				ENABLE_USER_SCRIPT_SANDBOXING = YES;
				GCC_C_LANGUAGE_STANDARD = gnu17;
				GCC_NO_COMMON_BLOCKS = YES;
				GCC_WARN_64_TO_32_BIT_CONVERSION = YES;
				GCC_WARN_ABOUT_RETURN_TYPE = YES_ERROR;
				GCC_WARN_UNDECLARED_SELECTOR = YES;
				GCC_WARN_UNINITIALIZED_AUTOS = YES_AGGRESSIVE;
				GCC_WARN_UNUSED_FUNCTION = YES;
				GCC_WARN_UNUSED_VARIABLE = YES;
				IPHONEOS_DEPLOYMENT_TARGET = 17.2;
				LOCALIZATION_PREFERS_STRING_CATALOGS = YES;
				MTL_ENABLE_DEBUG_INFO = NO;
				MTL_FAST_MATH = YES;
				SDKROOT = iphoneos;
				SWIFT_COMPILATION_MODE = wholemodule;
				VALIDATE_PRODUCT = YES;
			};
			name = Release;
		};
		F83F2F4E2C5B134000E89347 /* Debug */ = {
			isa = XCBuildConfiguration;
			buildSettings = {
				ASSETCATALOG_COMPILER_APPICON_NAME = AppIcon;
				ASSETCATALOG_COMPILER_GLOBAL_ACCENT_COLOR_NAME = AccentColor;
				CODE_SIGN_STYLE = Automatic;
				CURRENT_PROJECT_VERSION = 1;
				DEVELOPMENT_ASSET_PATHS = "\"Bookworm/Preview Content\"";
				DEVELOPMENT_TEAM = G6HATL4S2M;
				ENABLE_PREVIEWS = YES;
				GENERATE_INFOPLIST_FILE = YES;
				INFOPLIST_KEY_UIApplicationSceneManifest_Generation = YES;
				INFOPLIST_KEY_UIApplicationSupportsIndirectInputEvents = YES;
				INFOPLIST_KEY_UILaunchScreen_Generation = YES;
				INFOPLIST_KEY_UISupportedInterfaceOrientations_iPad = "UIInterfaceOrientationPortrait UIInterfaceOrientationPortraitUpsideDown UIInterfaceOrientationLandscapeLeft UIInterfaceOrientationLandscapeRight";
				INFOPLIST_KEY_UISupportedInterfaceOrientations_iPhone = "UIInterfaceOrientationPortrait UIInterfaceOrientationLandscapeLeft UIInterfaceOrientationLandscapeRight";
				LD_RUNPATH_SEARCH_PATHS = (
					"$(inherited)",
					"@executable_path/Frameworks",
				);
				MARKETING_VERSION = 1.0;
				PRODUCT_BUNDLE_IDENTIFIER = br.com.shaft.Bookworm;
				PRODUCT_NAME = "$(TARGET_NAME)";
				SWIFT_EMIT_LOC_STRINGS = YES;
				SWIFT_VERSION = 5.0;
				TARGETED_DEVICE_FAMILY = "1,2";
			};
			name = Debug;
		};
		F83F2F4F2C5B134000E89347 /* Release */ = {
			isa = XCBuildConfiguration;
			buildSettings = {
				ASSETCATALOG_COMPILER_APPICON_NAME = AppIcon;
				ASSETCATALOG_COMPILER_GLOBAL_ACCENT_COLOR_NAME = AccentColor;
				CODE_SIGN_STYLE = Automatic;
				CURRENT_PROJECT_VERSION = 1;
				DEVELOPMENT_ASSET_PATHS = "\"Bookworm/Preview Content\"";
				DEVELOPMENT_TEAM = G6HATL4S2M;
				ENABLE_PREVIEWS = YES;
				GENERATE_INFOPLIST_FILE = YES;
				INFOPLIST_KEY_UIApplicationSceneManifest_Generation = YES;
				INFOPLIST_KEY_UIApplicationSupportsIndirectInputEvents = YES;
				INFOPLIST_KEY_UILaunchScreen_Generation = YES;
				INFOPLIST_KEY_UISupportedInterfaceOrientations_iPad = "UIInterfaceOrientationPortrait UIInterfaceOrientationPortraitUpsideDown UIInterfaceOrientationLandscapeLeft UIInterfaceOrientationLandscapeRight";
				INFOPLIST_KEY_UISupportedInterfaceOrientations_iPhone = "UIInterfaceOrientationPortrait UIInterfaceOrientationLandscapeLeft UIInterfaceOrientationLandscapeRight";
				LD_RUNPATH_SEARCH_PATHS = (
					"$(inherited)",
					"@executable_path/Frameworks",
				);
				MARKETING_VERSION = 1.0;
				PRODUCT_BUNDLE_IDENTIFIER = br.com.shaft.Bookworm;
				PRODUCT_NAME = "$(TARGET_NAME)";
				SWIFT_EMIT_LOC_STRINGS = YES;
				SWIFT_VERSION = 5.0;
				TARGETED_DEVICE_FAMILY = "1,2";
			};
			name = Release;
		};
/* End XCBuildConfiguration section */

/* Begin XCConfigurationList section */
		F83F2F3A2C5B133F00E89347 /* Build configuration list for PBXProject "Bookworm" */ = {
			isa = XCConfigurationList;
			buildConfigurations = (
				F83F2F4B2C5B134000E89347 /* Debug */,
				F83F2F4C2C5B134000E89347 /* Release */,
			);
			defaultConfigurationIsVisible = 0;
			defaultConfigurationName = Release;
		};
		F83F2F4D2C5B134000E89347 /* Build configuration list for PBXNativeTarget "Bookworm" */ = {
			isa = XCConfigurationList;
			buildConfigurations = (
				F83F2F4E2C5B134000E89347 /* Debug */,
				F83F2F4F2C5B134000E89347 /* Release */,
			);
			defaultConfigurationIsVisible = 0;
			defaultConfigurationName = Release;
		};
/* End XCConfigurationList section */
	};
	rootObject = F83F2F372C5B133F00E89347 /* Project object */;
}
